// !$*UTF8*$!
{
	archiveVersion = 1;
	classes = {
	};
	objectVersion = 46;
	objects = {

/* Begin PBXBuildFile section */
		87013D341B943E8C004E6EE2 /* main.m in Sources */ = {isa = PBXBuildFile; fileRef = 87013D331B943E8C004E6EE2 /* main.m */; };
		87013D371B943E8C004E6EE2 /* AppDelegate.m in Sources */ = {isa = PBXBuildFile; fileRef = 87013D361B943E8C004E6EE2 /* AppDelegate.m */; };
		87013D3A1B943E8C004E6EE2 /* QuizViewController.m in Sources */ = {isa = PBXBuildFile; fileRef = 87013D391B943E8C004E6EE2 /* QuizViewController.m */; };
		87013D3D1B943E8C004E6EE2 /* Main.storyboard in Resources */ = {isa = PBXBuildFile; fileRef = 87013D3B1B943E8C004E6EE2 /* Main.storyboard */; };
		87013D3F1B943E8C004E6EE2 /* Images.xcassets in Resources */ = {isa = PBXBuildFile; fileRef = 87013D3E1B943E8C004E6EE2 /* Images.xcassets */; };
		87013D421B943E8C004E6EE2 /* LaunchScreen.xib in Resources */ = {isa = PBXBuildFile; fileRef = 87013D401B943E8C004E6EE2 /* LaunchScreen.xib */; };
		87013D4E1B943E8C004E6EE2 /* QuizTests.m in Sources */ = {isa = PBXBuildFile; fileRef = 87013D4D1B943E8C004E6EE2 /* QuizTests.m */; };
/* End PBXBuildFile section */

/* Begin PBXContainerItemProxy section */
		87013D481B943E8C004E6EE2 /* PBXContainerItemProxy */ = {
			isa = PBXContainerItemProxy;
			containerPortal = 87013D261B943E8C004E6EE2 /* Project object */;
			proxyType = 1;
			remoteGlobalIDString = 87013D2D1B943E8C004E6EE2;
			remoteInfo = Quiz;
		};
/* End PBXContainerItemProxy section */

/* Begin PBXFileReference section */
		87013D2E1B943E8C004E6EE2 /* Quiz.app */ = {isa = PBXFileReference; explicitFileType = wrapper.application; includeInIndex = 0; path = Quiz.app; sourceTree = BUILT_PRODUCTS_DIR; };
		87013D321B943E8C004E6EE2 /* Info.plist */ = {isa = PBXFileReference; lastKnownFileType = text.plist.xml; path = Info.plist; sourceTree = "<group>"; };
		87013D331B943E8C004E6EE2 /* main.m */ = {isa = PBXFileReference; lastKnownFileType = sourcecode.c.objc; path = main.m; sourceTree = "<group>"; };
		87013D351B943E8C004E6EE2 /* AppDelegate.h */ = {isa = PBXFileReference; lastKnownFileType = sourcecode.c.h; path = AppDelegate.h; sourceTree = "<group>"; };
		87013D361B943E8C004E6EE2 /* AppDelegate.m */ = {isa = PBXFileReference; lastKnownFileType = sourcecode.c.objc; path = AppDelegate.m; sourceTree = "<group>"; };
		87013D381B943E8C004E6EE2 /* QuizViewController.h */ = {isa = PBXFileReference; lastKnownFileType = sourcecode.c.h; path = QuizViewController.h; sourceTree = "<group>"; };
		87013D391B943E8C004E6EE2 /* QuizViewController.m */ = {isa = PBXFileReference; lastKnownFileType = sourcecode.c.objc; path = QuizViewController.m; sourceTree = "<group>"; };
		87013D3C1B943E8C004E6EE2 /* Base */ = {isa = PBXFileReference; lastKnownFileType = file.storyboard; name = Base; path = Base.lproj/Main.storyboard; sourceTree = "<group>"; };
		87013D3E1B943E8C004E6EE2 /* Images.xcassets */ = {isa = PBXFileReference; lastKnownFileType = folder.assetcatalog; path = Images.xcassets; sourceTree = "<group>"; };
		87013D411B943E8C004E6EE2 /* Base */ = {isa = PBXFileReference; lastKnownFileType = file.xib; name = Base; path = Base.lproj/LaunchScreen.xib; sourceTree = "<group>"; };
		87013D471B943E8C004E6EE2 /* QuizTests.xctest */ = {isa = PBXFileReference; explicitFileType = wrapper.cfbundle; includeInIndex = 0; path = QuizTests.xctest; sourceTree = BUILT_PRODUCTS_DIR; };
		87013D4C1B943E8C004E6EE2 /* Info.plist */ = {isa = PBXFileReference; lastKnownFileType = text.plist.xml; path = Info.plist; sourceTree = "<group>"; };
		87013D4D1B943E8C004E6EE2 /* QuizTests.m */ = {isa = PBXFileReference; lastKnownFileType = sourcecode.c.objc; path = QuizTests.m; sourceTree = "<group>"; };
/* End PBXFileReference section */

/* Begin PBXFrameworksBuildPhase section */
		87013D2B1B943E8C004E6EE2 /* Frameworks */ = {
			isa = PBXFrameworksBuildPhase;
			buildActionMask = 2147483647;
			files = (
			);
			runOnlyForDeploymentPostprocessing = 0;
		};
		87013D441B943E8C004E6EE2 /* Frameworks */ = {
			isa = PBXFrameworksBuildPhase;
			buildActionMask = 2147483647;
			files = (
			);
			runOnlyForDeploymentPostprocessing = 0;
		};
/* End PBXFrameworksBuildPhase section */

/* Begin PBXGroup section */
		87013D251B943E8C004E6EE2 = {
			isa = PBXGroup;
			children = (
				87013D301B943E8C004E6EE2 /* Quiz */,
				87013D4A1B943E8C004E6EE2 /* QuizTests */,
				87013D2F1B943E8C004E6EE2 /* Products */,
			);
			sourceTree = "<group>";
		};
		87013D2F1B943E8C004E6EE2 /* Products */ = {
			isa = PBXGroup;
			children = (
				87013D2E1B943E8C004E6EE2 /* Quiz.app */,
				87013D471B943E8C004E6EE2 /* QuizTests.xctest */,
			);
			name = Products;
			sourceTree = "<group>";
		};
		87013D301B943E8C004E6EE2 /* Quiz */ = {
			isa = PBXGroup;
			children = (
				87013D351B943E8C004E6EE2 /* AppDelegate.h */,
				87013D361B943E8C004E6EE2 /* AppDelegate.m */,
				87013D381B943E8C004E6EE2 /* QuizViewController.h */,
				87013D391B943E8C004E6EE2 /* QuizViewController.m */,
				87013D3B1B943E8C004E6EE2 /* Main.storyboard */,
				87013D3E1B943E8C004E6EE2 /* Images.xcassets */,
				87013D401B943E8C004E6EE2 /* LaunchScreen.xib */,
				87013D311B943E8C004E6EE2 /* Supporting Files */,
			);
			path = Quiz;
			sourceTree = "<group>";
		};
		87013D311B943E8C004E6EE2 /* Supporting Files */ = {
			isa = PBXGroup;
			children = (
				87013D321B943E8C004E6EE2 /* Info.plist */,
				87013D331B943E8C004E6EE2 /* main.m */,
			);
			name = "Supporting Files";
			sourceTree = "<group>";
		};
		87013D4A1B943E8C004E6EE2 /* QuizTests */ = {
			isa = PBXGroup;
			children = (
				87013D4D1B943E8C004E6EE2 /* QuizTests.m */,
				87013D4B1B943E8C004E6EE2 /* Supporting Files */,
			);
			path = QuizTests;
			sourceTree = "<group>";
		};
		87013D4B1B943E8C004E6EE2 /* Supporting Files */ = {
			isa = PBXGroup;
			children = (
				87013D4C1B943E8C004E6EE2 /* Info.plist */,
			);
			name = "Supporting Files";
			sourceTree = "<group>";
		};
/* End PBXGroup section */

/* Begin PBXNativeTarget section */
		87013D2D1B943E8C004E6EE2 /* Quiz */ = {
			isa = PBXNativeTarget;
			buildConfigurationList = 87013D511B943E8C004E6EE2 /* Build configuration list for PBXNativeTarget "Quiz" */;
			buildPhases = (
				87013D2A1B943E8C004E6EE2 /* Sources */,
				87013D2B1B943E8C004E6EE2 /* Frameworks */,
				87013D2C1B943E8C004E6EE2 /* Resources */,
			);
			buildRules = (
			);
			dependencies = (
			);
			name = Quiz;
			productName = Quiz;
			productReference = 87013D2E1B943E8C004E6EE2 /* Quiz.app */;
			productType = "com.apple.product-type.application";
		};
		87013D461B943E8C004E6EE2 /* QuizTests */ = {
			isa = PBXNativeTarget;
			buildConfigurationList = 87013D541B943E8C004E6EE2 /* Build configuration list for PBXNativeTarget "QuizTests" */;
			buildPhases = (
				87013D431B943E8C004E6EE2 /* Sources */,
				87013D441B943E8C004E6EE2 /* Frameworks */,
				87013D451B943E8C004E6EE2 /* Resources */,
			);
			buildRules = (
			);
			dependencies = (
				87013D491B943E8C004E6EE2 /* PBXTargetDependency */,
			);
			name = QuizTests;
			productName = QuizTests;
			productReference = 87013D471B943E8C004E6EE2 /* QuizTests.xctest */;
			productType = "com.apple.product-type.bundle.unit-test";
		};
/* End PBXNativeTarget section */

/* Begin PBXProject section */
		87013D261B943E8C004E6EE2 /* Project object */ = {
			isa = PBXProject;
			attributes = {
				LastUpgradeCheck = 0640;
				ORGANIZATIONNAME = ChenHao;
				TargetAttributes = {
					87013D2D1B943E8C004E6EE2 = {
						CreatedOnToolsVersion = 6.4;
					};
					87013D461B943E8C004E6EE2 = {
						CreatedOnToolsVersion = 6.4;
						TestTargetID = 87013D2D1B943E8C004E6EE2;
					};
				};
			};
			buildConfigurationList = 87013D291B943E8C004E6EE2 /* Build configuration list for PBXProject "Quiz" */;
			compatibilityVersion = "Xcode 3.2";
			developmentRegion = English;
			hasScannedForEncodings = 0;
			knownRegions = (
				en,
				Base,
			);
			mainGroup = 87013D251B943E8C004E6EE2;
			productRefGroup = 87013D2F1B943E8C004E6EE2 /* Products */;
			projectDirPath = "";
			projectRoot = "";
			targets = (
				87013D2D1B943E8C004E6EE2 /* Quiz */,
				87013D461B943E8C004E6EE2 /* QuizTests */,
			);
		};
/* End PBXProject section */

/* Begin PBXResourcesBuildPhase section */
		87013D2C1B943E8C004E6EE2 /* Resources */ = {
			isa = PBXResourcesBuildPhase;
			buildActionMask = 2147483647;
			files = (
				87013D3D1B943E8C004E6EE2 /* Main.storyboard in Resources */,
				87013D421B943E8C004E6EE2 /* LaunchScreen.xib in Resources */,
				87013D3F1B943E8C004E6EE2 /* Images.xcassets in Resources */,
			);
			runOnlyForDeploymentPostprocessing = 0;
		};
		87013D451B943E8C004E6EE2 /* Resources */ = {
			isa = PBXResourcesBuildPhase;
			buildActionMask = 2147483647;
			files = (
			);
			runOnlyForDeploymentPostprocessing = 0;
		};
/* End PBXResourcesBuildPhase section */

/* Begin PBXSourcesBuildPhase section */
		87013D2A1B943E8C004E6EE2 /* Sources */ = {
			isa = PBXSourcesBuildPhase;
			buildActionMask = 2147483647;
			files = (
				87013D3A1B943E8C004E6EE2 /* QuizViewController.m in Sources */,
				87013D371B943E8C004E6EE2 /* AppDelegate.m in Sources */,
				87013D341B943E8C004E6EE2 /* main.m in Sources */,
			);
			runOnlyForDeploymentPostprocessing = 0;
		};
		87013D431B943E8C004E6EE2 /* Sources */ = {
			isa = PBXSourcesBuildPhase;
			buildActionMask = 2147483647;
			files = (
				87013D4E1B943E8C004E6EE2 /* QuizTests.m in Sources */,
			);
			runOnlyForDeploymentPostprocessing = 0;
		};
/* End PBXSourcesBuildPhase section */

/* Begin PBXTargetDependency section */
		87013D491B943E8C004E6EE2 /* PBXTargetDependency */ = {
			isa = PBXTargetDependency;
			target = 87013D2D1B943E8C004E6EE2 /* Quiz */;
			targetProxy = 87013D481B943E8C004E6EE2 /* PBXContainerItemProxy */;
		};
/* End PBXTargetDependency section */

/* Begin PBXVariantGroup section */
		87013D3B1B943E8C004E6EE2 /* Main.storyboard */ = {
			isa = PBXVariantGroup;
			children = (
				87013D3C1B943E8C004E6EE2 /* Base */,
			);
			name = Main.storyboard;
			sourceTree = "<group>";
		};
		87013D401B943E8C004E6EE2 /* LaunchScreen.xib */ = {
			isa = PBXVariantGroup;
			children = (
				87013D411B943E8C004E6EE2 /* Base */,
			);
			name = LaunchScreen.xib;
			sourceTree = "<group>";
		};
/* End PBXVariantGroup section */

/* Begin XCBuildConfiguration section */
		87013D4F1B943E8C004E6EE2 /* Debug */ = {
			isa = XCBuildConfiguration;
			buildSettings = {
				ALWAYS_SEARCH_USER_PATHS = NO;
				CLANG_CXX_LANGUAGE_STANDARD = "gnu++0x";
				CLANG_CXX_LIBRARY = "libc++";
				CLANG_ENABLE_MODULES = YES;
				CLANG_ENABLE_OBJC_ARC = YES;
				CLANG_WARN_BOOL_CONVERSION = YES;
				CLANG_WARN_CONSTANT_CONVERSION = YES;
				CLANG_WARN_DIRECT_OBJC_ISA_USAGE = YES_ERROR;
				CLANG_WARN_EMPTY_BODY = YES;
				CLANG_WARN_ENUM_CONVERSION = YES;
				CLANG_WARN_INT_CONVERSION = YES;
				CLANG_WARN_OBJC_ROOT_CLASS = YES_ERROR;
				CLANG_WARN_UNREACHABLE_CODE = YES;
				CLANG_WARN__DUPLICATE_METHOD_MATCH = YES;
				"CODE_SIGN_IDENTITY[sdk=iphoneos*]" = "iPhone Developer";
				COPY_PHASE_STRIP = NO;
				DEBUG_INFORMATION_FORMAT = "dwarf-with-dsym";
				ENABLE_STRICT_OBJC_MSGSEND = YES;
				GCC_C_LANGUAGE_STANDARD = gnu99;
				GCC_DYNAMIC_NO_PIC = NO;
				GCC_NO_COMMON_BLOCKS = YES;
				GCC_OPTIMIZATION_LEVEL = 0;
				GCC_PREPROCESSOR_DEFINITIONS = (
					"DEBUG=1",
					"$(inherited)",
				);
				GCC_SYMBOLS_PRIVATE_EXTERN = NO;
				GCC_WARN_64_TO_32_BIT_CONVERSION = YES;
				GCC_WARN_ABOUT_RETURN_TYPE = YES_ERROR;
				GCC_WARN_UNDECLARED_SELECTOR = YES;
				GCC_WARN_UNINITIALIZED_AUTOS = YES_AGGRESSIVE;
				GCC_WARN_UNUSED_FUNCTION = YES;
				GCC_WARN_UNUSED_VARIABLE = YES;
				IPHONEOS_DEPLOYMENT_TARGET = 8.4;
				MTL_ENABLE_DEBUG_INFO = YES;
				ONLY_ACTIVE_ARCH = YES;
				SDKROOT = iphoneos;
			};
			name = Debug;
		};
		87013D501B943E8C004E6EE2 /* Release */ = {
			isa = XCBuildConfiguration;
			buildSettings = {
				ALWAYS_SEARCH_USER_PATHS = NO;
				CLANG_CXX_LANGUAGE_STANDARD = "gnu++0x";
				CLANG_CXX_LIBRARY = "libc++";
				CLANG_ENABLE_MODULES = YES;
				CLANG_ENABLE_OBJC_ARC = YES;
				CLANG_WARN_BOOL_CONVERSION = YES;
				CLANG_WARN_CONSTANT_CONVERSION = YES;
				CLANG_WARN_DIRECT_OBJC_ISA_USAGE = YES_ERROR;
				CLANG_WARN_EMPTY_BODY = YES;
				CLANG_WARN_ENUM_CONVERSION = YES;
				CLANG_WARN_INT_CONVERSION = YES;
				CLANG_WARN_OBJC_ROOT_CLASS = YES_ERROR;
				CLANG_WARN_UNREACHABLE_CODE = YES;
				CLANG_WARN__DUPLICATE_METHOD_MATCH = YES;
				"CODE_SIGN_IDENTITY[sdk=iphoneos*]" = "iPhone Developer";
				COPY_PHASE_STRIP = NO;
				DEBUG_INFORMATION_FORMAT = "dwarf-with-dsym";
				ENABLE_NS_ASSERTIONS = NO;
				ENABLE_STRICT_OBJC_MSGSEND = YES;
				GCC_C_LANGUAGE_STANDARD = gnu99;
				GCC_NO_COMMON_BLOCKS = YES;
				GCC_WARN_64_TO_32_BIT_CONVERSION = YES;
				GCC_WARN_ABOUT_RETURN_TYPE = YES_ERROR;
				GCC_WARN_UNDECLARED_SELECTOR = YES;
				GCC_WARN_UNINITIALIZED_AUTOS = YES_AGGRESSIVE;
				GCC_WARN_UNUSED_FUNCTION = YES;
				GCC_WARN_UNUSED_VARIABLE = YES;
				IPHONEOS_DEPLOYMENT_TARGET = 8.4;
				MTL_ENABLE_DEBUG_INFO = NO;
				SDKROOT = iphoneos;
				VALIDATE_PRODUCT = YES;
			};
			name = Release;
		};
		87013D521B943E8C004E6EE2 /* Debug */ = {
			isa = XCBuildConfiguration;
			buildSettings = {
				ASSETCATALOG_COMPILER_APPICON_NAME = AppIcon;
				INFOPLIST_FILE = Quiz/Info.plist;
				LD_RUNPATH_SEARCH_PATHS = "$(inherited) @executable_path/Frameworks";
				PRODUCT_NAME = "$(TARGET_NAME)";
			};
			name = Debug;
		};
		87013D531B943E8C004E6EE2 /* Release */ = {
			isa = XCBuildConfiguration;
			buildSettings = {
				ASSETCATALOG_COMPILER_APPICON_NAME = AppIcon;
				INFOPLIST_FILE = Quiz/Info.plist;
				LD_RUNPATH_SEARCH_PATHS = "$(inherited) @executable_path/Frameworks";
				PRODUCT_NAME = "$(TARGET_NAME)";
			};
			name = Release;
		};
		87013D551B943E8C004E6EE2 /* Debug */ = {
			isa = XCBuildConfiguration;
			buildSettings = {
				BUNDLE_LOADER = "$(TEST_HOST)";
				FRAMEWORK_SEARCH_PATHS = (
					"$(SDKROOT)/Developer/Library/Frameworks",
					"$(inherited)",
				);
				GCC_PREPROCESSOR_DEFINITIONS = (
					"DEBUG=1",
					"$(inherited)",
				);
				INFOPLIST_FILE = QuizTests/Info.plist;
				LD_RUNPATH_SEARCH_PATHS = "$(inherited) @executable_path/Frameworks @loader_path/Frameworks";
				PRODUCT_NAME = "$(TARGET_NAME)";
				TEST_HOST = "$(BUILT_PRODUCTS_DIR)/Quiz.app/Quiz";
			};
			name = Debug;
		};
		87013D561B943E8C004E6EE2 /* Release */ = {
			isa = XCBuildConfiguration;
			buildSettings = {
				BUNDLE_LOADER = "$(TEST_HOST)";
				FRAMEWORK_SEARCH_PATHS = (
					"$(SDKROOT)/Developer/Library/Frameworks",
					"$(inherited)",
				);
				INFOPLIST_FILE = QuizTests/Info.plist;
				LD_RUNPATH_SEARCH_PATHS = "$(inherited) @executable_path/Frameworks @loader_path/Frameworks";
				PRODUCT_NAME = "$(TARGET_NAME)";
				TEST_HOST = "$(BUILT_PRODUCTS_DIR)/Quiz.app/Quiz";
			};
			name = Release;
		};
/* End XCBuildConfiguration section */

/* Begin XCConfigurationList section */
		87013D291B943E8C004E6EE2 /* Build configuration list for PBXProject "Quiz" */ = {
			isa = XCConfigurationList;
			buildConfigurations = (
				87013D4F1B943E8C004E6EE2 /* Debug */,
				87013D501B943E8C004E6EE2 /* Release */,
			);
			defaultConfigurationIsVisible = 0;
			defaultConfigurationName = Release;
		};
		87013D511B943E8C004E6EE2 /* Build configuration list for PBXNativeTarget "Quiz" */ = {
			isa = XCConfigurationList;
			buildConfigurations = (
				87013D521B943E8C004E6EE2 /* Debug */,
				87013D531B943E8C004E6EE2 /* Release */,
			);
			defaultConfigurationIsVisible = 0;
			defaultConfigurationName = Release;
		};
		87013D541B943E8C004E6EE2 /* Build configuration list for PBXNativeTarget "QuizTests" */ = {
			isa = XCConfigurationList;
			buildConfigurations = (
				87013D551B943E8C004E6EE2 /* Debug */,
				87013D561B943E8C004E6EE2 /* Release */,
			);
			defaultConfigurationIsVisible = 0;
			defaultConfigurationName = Release;
		};
/* End XCConfigurationList section */
	};
	rootObject = 87013D261B943E8C004E6EE2 /* Project object */;
}
